
Microsoft Visual Studio Solution File, Format Version 12.00
# Visual Studio Version 16
VisualStudioVersion = 16.0.28803.202
MinimumVisualStudioVersion = 10.0.40219.1
Project("{FAE04EC0-301F-11D3-BF4B-00C04F79EFBC}") = "BMP-ASCII-NET-FRAMEWORK", "BMP-ASCII-NET-FRAMEWORK\BMP-ASCII-NET-FRAMEWORK.csproj", "{090B8522-47BD-4182-9F49-57E625D16346}"
EndProject
Global
	GlobalSection(SolutionConfigurationPlatforms) = preSolution
		Debug|Any CPU = Debug|Any CPU
		Release|Any CPU = Release|Any CPU
	EndGlobalSection
	GlobalSection(ProjectConfigurationPlatforms) = postSolution
		{090B8522-47BD-4182-9F49-57E625D16346}.Debug|Any CPU.ActiveCfg = Debug|Any CPU
		{090B8522-47BD-4182-9F49-57E625D16346}.Debug|Any CPU.Build.0 = Debug|Any CPU
		{090B8522-47BD-4182-9F49-57E625D16346}.Release|Any CPU.ActiveCfg = Release|Any CPU
		{090B8522-47BD-4182-9F49-57E625D16346}.Release|Any CPU.Build.0 = Release|Any CPU
	EndGlobalSection
	GlobalSection(SolutionProperties) = preSolution
		HideSolutionNode = FALSE
	EndGlobalSection
	GlobalSection(ExtensibilityGlobals) = postSolution
		SolutionGuid = {BB63A270-AE5F-4DB1-B931-1580DD70E626}
	EndGlobalSection
EndGlobal
